
Microsoft Visual Studio Solution File, Format Version 12.00
# Visual Studio Version 17
VisualStudioVersion = 17.11.35327.3
MinimumVisualStudioVersion = 10.0.40219.1
Project("{FAE04EC0-301F-11D3-BF4B-00C04F79EFBC}") = "PruebasVS(MVC)", "PruebasVS(MVC)\PruebasVS(MVC).csproj", "{611DCCEF-C526-4A29-98A9-0745CDC02AEA}"
EndProject
Global
	GlobalSection(SolutionConfigurationPlatforms) = preSolution
		Debug|Any CPU = Debug|Any CPU
		Release|Any CPU = Release|Any CPU
	EndGlobalSection
	GlobalSection(ProjectConfigurationPlatforms) = postSolution
		{611DCCEF-C526-4A29-98A9-0745CDC02AEA}.Debug|Any CPU.ActiveCfg = Debug|Any CPU
		{611DCCEF-C526-4A29-98A9-0745CDC02AEA}.Debug|Any CPU.Build.0 = Debug|Any CPU
		{611DCCEF-C526-4A29-98A9-0745CDC02AEA}.Release|Any CPU.ActiveCfg = Release|Any CPU
		{611DCCEF-C526-4A29-98A9-0745CDC02AEA}.Release|Any CPU.Build.0 = Release|Any CPU
	EndGlobalSection
	GlobalSection(SolutionProperties) = preSolution
		HideSolutionNode = FALSE
	EndGlobalSection
	GlobalSection(ExtensibilityGlobals) = postSolution
		SolutionGuid = {68F024A9-4211-4518-9F23-BC6ED597FF78}
	EndGlobalSection
EndGlobal
